{
  "name": "mundo3d",
  "version": "1.0.0",
  "lockfileVersion": 3,
  "requires": true,
  "packages": {
    "": {
      "name": "mundo3d",
      "version": "1.0.0",
      "license": "ISC",
      "dependencies": {
        "@zappar/zappar-threejs": "^4.3.0",
        "three": "^0.183.0"
      }
    },
    "node_modules/@types/w3c-generic-sensor": {
      "version": "1.0.10",
      "resolved": "https://registry.npmjs.org/@types/w3c-generic-sensor/-/w3c-generic-sensor-1.0.10.tgz",
      "integrity": "sha512-C56c4FhueauZcGyez3WHMzQ4LgRkJ6TNYimmYTWF0u1ncaipghmjfB+971/rU7UfrwajJg5OTcv+fp0VjjTzig==",
      "license": "MIT",
      "dependencies": {
        "typescript": "^2.2.2"
      }
    },
    "node_modules/@zappar/zappar": {
      "version": "4.3.0",
      "resolved": "https://registry.npmjs.org/@zappar/zappar/-/zappar-4.3.0.tgz",
      "integrity": "sha512-/SJcJvZ/T1adfzoMZAxMZrbjOZYnZsfIHJKJMqCQg4otwXs80m7O6626nZb1Ocejyb2thlnIn7TyfcQ4c9Hpuw==",
      "license": "Proprietary",
      "dependencies": {
        "@zappar/zappar-cv": "3.9.2",
        "gl-matrix": "3.4.3"
      },
      "engines": {
        "node": ">=12.0.0"
      }
    },
    "node_modules/@zappar/zappar-cv": {
      "version": "3.9.2",
      "resolved": "https://registry.npmjs.org/@zappar/zappar-cv/-/zappar-cv-3.9.2.tgz",
      "integrity": "sha512-4D3dtuY5y9Yw5p1WCWY+xEOx7ik7Nah8ZcBbVfA1T3ybKMOpA1IBcJIFwXu08KtiLzIwvxpEBr0M3/DB73Q4uQ==",
      "license": "Proprietary",
      "dependencies": {
        "@types/w3c-generic-sensor": "^1.0.9",
        "gl-matrix": "3.4.3",
        "ua-parser-js": "1.0.33"
      }
    },
    "node_modules/@zappar/zappar-threejs": {
      "version": "4.3.0",
      "resolved": "https://registry.npmjs.org/@zappar/zappar-threejs/-/zappar-threejs-4.3.0.tgz",
      "integrity": "sha512-tXpM08DFcycqno4gTo2FmEI7PN6P4aOmSnmj79xZHR5/CCTAwjvuq8Br2qidP/wT23gq8pyszeRbfVC5ey+b+A==",
      "license": "MIT",
      "dependencies": {
        "@zappar/zappar": "4.3.0"
      },
      "peerDependencies": {
        "three": ">=0.154"
      }
    },
    "node_modules/gl-matrix": {
      "version": "3.4.3",
      "resolved": "https://registry.npmjs.org/gl-matrix/-/gl-matrix-3.4.3.tgz",
      "integrity": "sha512-wcCp8vu8FT22BnvKVPjXa/ICBWRq/zjFfdofZy1WSpQZpphblv12/bOQLBC1rMM7SGOFS9ltVmKOHil5+Ml7gA==",
      "license": "MIT"
    },
    "node_modules/three": {
      "version": "0.183.0",
      "resolved": "https://registry.npmjs.org/three/-/three-0.183.0.tgz",
      "integrity": "sha512-G6SH2jfefIVa2YI4JL2VbgQhrrbp1A8dRc7lr3PW827kdVyaX2RgH6M5FmjmdVFLgSHppyg3OYOZdTfWElle+g==",
      "license": "MIT"
    },
    "node_modules/typescript": {
      "version": "2.9.2",
      "resolved": "https://registry.npmjs.org/typescript/-/typescript-2.9.2.tgz",
      "integrity": "sha512-Gr4p6nFNaoufRIY4NMdpQRNmgxVIGMs4Fcu/ujdYk3nAZqk7supzBE9idmvfZIlH/Cuj//dvi+019qEue9lV0w==",
      "license": "Apache-2.0",
      "bin": {
        "tsc": "bin/tsc",
        "tsserver": "bin/tsserver"
      },
      "engines": {
        "node": ">=4.2.0"
      }
    },
    "node_modules/ua-parser-js": {
      "version": "1.0.33",
      "resolved": "https://registry.npmjs.org/ua-parser-js/-/ua-parser-js-1.0.33.tgz",
      "integrity": "sha512-RqshF7TPTE0XLYAqmjlu5cLLuGdKrNu9O1KLA/qp39QtbZwuzwv1dT46DZSopoUMsYgXpB3Cv8a03FI8b74oFQ==",
      "funding": [
        {
          "type": "opencollective",
          "url": "https://opencollective.com/ua-parser-js"
        },
        {
          "type": "paypal",
          "url": "https://paypal.me/faisalman"
        }
      ],
      "license": "MIT",
      "engines": {
        "node": "*"
      }
    }
  }
}
